
Microsoft Visual Studio Solution File, Format Version 12.00
# Visual Studio Version 16
VisualStudioVersion = 16.0.30114.105
MinimumVisualStudioVersion = 10.0.40219.1
Project("{FAE04EC0-301F-11D3-BF4B-00C04F79EFBC}") = "API", "API\API.csproj", "{D0329152-DB3F-4B0D-B4D9-247F53AB8A9B}"
EndProject
Project("{FAE04EC0-301F-11D3-BF4B-00C04F79EFBC}") = "Core", "Core\Core.csproj", "{747C7470-10BF-424A-89B0-34EE994FD429}"
EndProject
Project("{FAE04EC0-301F-11D3-BF4B-00C04F79EFBC}") = "Infrastructure", "Infrastructure\Infrastructure.csproj", "{A3496362-5D68-4AB9-A739-2CEFF234D489}"
EndProject
Global
	GlobalSection(SolutionConfigurationPlatforms) = preSolution
		Debug|Any CPU = Debug|Any CPU
		Release|Any CPU = Release|Any CPU
	EndGlobalSection
	GlobalSection(SolutionProperties) = preSolution
		HideSolutionNode = FALSE
	EndGlobalSection
	GlobalSection(ProjectConfigurationPlatforms) = postSolution
		{D0329152-DB3F-4B0D-B4D9-247F53AB8A9B}.Debug|Any CPU.ActiveCfg = Debug|Any CPU
		{D0329152-DB3F-4B0D-B4D9-247F53AB8A9B}.Debug|Any CPU.Build.0 = Debug|Any CPU
		{D0329152-DB3F-4B0D-B4D9-247F53AB8A9B}.Release|Any CPU.ActiveCfg = Release|Any CPU
		{D0329152-DB3F-4B0D-B4D9-247F53AB8A9B}.Release|Any CPU.Build.0 = Release|Any CPU
		{747C7470-10BF-424A-89B0-34EE994FD429}.Debug|Any CPU.ActiveCfg = Debug|Any CPU
		{747C7470-10BF-424A-89B0-34EE994FD429}.Debug|Any CPU.Build.0 = Debug|Any CPU
		{747C7470-10BF-424A-89B0-34EE994FD429}.Release|Any CPU.ActiveCfg = Release|Any CPU
		{747C7470-10BF-424A-89B0-34EE994FD429}.Release|Any CPU.Build.0 = Release|Any CPU
		{A3496362-5D68-4AB9-A739-2CEFF234D489}.Debug|Any CPU.ActiveCfg = Debug|Any CPU
		{A3496362-5D68-4AB9-A739-2CEFF234D489}.Debug|Any CPU.Build.0 = Debug|Any CPU
		{A3496362-5D68-4AB9-A739-2CEFF234D489}.Release|Any CPU.ActiveCfg = Release|Any CPU
		{A3496362-5D68-4AB9-A739-2CEFF234D489}.Release|Any CPU.Build.0 = Release|Any CPU
	EndGlobalSection
EndGlobal
